// !$*UTF8*$!
{
	archiveVersion = 1;
	classes = {
	};
	objectVersion = 50;
	objects = {

/* Begin PBXBuildFile section */
		9B13D9D222968F4E000F36FC /* AppDelegate.m in Sources */ = {isa = PBXBuildFile; fileRef = 9B13D9D122968F4E000F36FC /* AppDelegate.m */; };
		9B13D9D522968F4E000F36FC /* ViewController.m in Sources */ = {isa = PBXBuildFile; fileRef = 9B13D9D422968F4E000F36FC /* ViewController.m */; };
		9B13D9D822968F4E000F36FC /* Main.storyboard in Resources */ = {isa = PBXBuildFile; fileRef = 9B13D9D622968F4E000F36FC /* Main.storyboard */; };
		9B13D9DA22968F50000F36FC /* Assets.xcassets in Resources */ = {isa = PBXBuildFile; fileRef = 9B13D9D922968F50000F36FC /* Assets.xcassets */; };
		9B13D9DD22968F50000F36FC /* LaunchScreen.storyboard in Resources */ = {isa = PBXBuildFile; fileRef = 9B13D9DB22968F50000F36FC /* LaunchScreen.storyboard */; };
		9B13D9E022968F50000F36FC /* main.m in Sources */ = {isa = PBXBuildFile; fileRef = 9B13D9DF22968F50000F36FC /* main.m */; };
		9B13D9EA22968F50000F36FC /* FunCollectionTests.m in Sources */ = {isa = PBXBuildFile; fileRef = 9B13D9E922968F50000F36FC /* FunCollectionTests.m */; };
		9B13D9F522968F50000F36FC /* FunCollectionUITests.m in Sources */ = {isa = PBXBuildFile; fileRef = 9B13D9F422968F50000F36FC /* FunCollectionUITests.m */; };
/* End PBXBuildFile section */

/* Begin PBXContainerItemProxy section */
		9B13D9E622968F50000F36FC /* PBXContainerItemProxy */ = {
			isa = PBXContainerItemProxy;
			containerPortal = 9B13D9C522968F4E000F36FC /* Project object */;
			proxyType = 1;
			remoteGlobalIDString = 9B13D9CC22968F4E000F36FC;
			remoteInfo = FunCollection;
		};
		9B13D9F122968F50000F36FC /* PBXContainerItemProxy */ = {
			isa = PBXContainerItemProxy;
			containerPortal = 9B13D9C522968F4E000F36FC /* Project object */;
			proxyType = 1;
			remoteGlobalIDString = 9B13D9CC22968F4E000F36FC;
			remoteInfo = FunCollection;
		};
/* End PBXContainerItemProxy section */

/* Begin PBXFileReference section */
		9B13D9CD22968F4E000F36FC /* FunCollection.app */ = {isa = PBXFileReference; explicitFileType = wrapper.application; includeInIndex = 0; path = FunCollection.app; sourceTree = BUILT_PRODUCTS_DIR; };
		9B13D9D022968F4E000F36FC /* AppDelegate.h */ = {isa = PBXFileReference; lastKnownFileType = sourcecode.c.h; path = AppDelegate.h; sourceTree = "<group>"; };
		9B13D9D122968F4E000F36FC /* AppDelegate.m */ = {isa = PBXFileReference; lastKnownFileType = sourcecode.c.objc; path = AppDelegate.m; sourceTree = "<group>"; };
		9B13D9D322968F4E000F36FC /* ViewController.h */ = {isa = PBXFileReference; lastKnownFileType = sourcecode.c.h; path = ViewController.h; sourceTree = "<group>"; };
		9B13D9D422968F4E000F36FC /* ViewController.m */ = {isa = PBXFileReference; lastKnownFileType = sourcecode.c.objc; path = ViewController.m; sourceTree = "<group>"; };
		9B13D9D722968F4E000F36FC /* Base */ = {isa = PBXFileReference; lastKnownFileType = file.storyboard; name = Base; path = Base.lproj/Main.storyboard; sourceTree = "<group>"; };
		9B13D9D922968F50000F36FC /* Assets.xcassets */ = {isa = PBXFileReference; lastKnownFileType = folder.assetcatalog; path = Assets.xcassets; sourceTree = "<group>"; };
		9B13D9DC22968F50000F36FC /* Base */ = {isa = PBXFileReference; lastKnownFileType = file.storyboard; name = Base; path = Base.lproj/LaunchScreen.storyboard; sourceTree = "<group>"; };
		9B13D9DE22968F50000F36FC /* Info.plist */ = {isa = PBXFileReference; lastKnownFileType = text.plist.xml; path = Info.plist; sourceTree = "<group>"; };
		9B13D9DF22968F50000F36FC /* main.m */ = {isa = PBXFileReference; lastKnownFileType = sourcecode.c.objc; path = main.m; sourceTree = "<group>"; };
		9B13D9E522968F50000F36FC /* FunCollectionTests.xctest */ = {isa = PBXFileReference; explicitFileType = wrapper.cfbundle; includeInIndex = 0; path = FunCollectionTests.xctest; sourceTree = BUILT_PRODUCTS_DIR; };
		9B13D9E922968F50000F36FC /* FunCollectionTests.m */ = {isa = PBXFileReference; lastKnownFileType = sourcecode.c.objc; path = FunCollectionTests.m; sourceTree = "<group>"; };
		9B13D9EB22968F50000F36FC /* Info.plist */ = {isa = PBXFileReference; lastKnownFileType = text.plist.xml; path = Info.plist; sourceTree = "<group>"; };
		9B13D9F022968F50000F36FC /* FunCollectionUITests.xctest */ = {isa = PBXFileReference; explicitFileType = wrapper.cfbundle; includeInIndex = 0; path = FunCollectionUITests.xctest; sourceTree = BUILT_PRODUCTS_DIR; };
		9B13D9F422968F50000F36FC /* FunCollectionUITests.m */ = {isa = PBXFileReference; lastKnownFileType = sourcecode.c.objc; path = FunCollectionUITests.m; sourceTree = "<group>"; };
		9B13D9F622968F50000F36FC /* Info.plist */ = {isa = PBXFileReference; lastKnownFileType = text.plist.xml; path = Info.plist; sourceTree = "<group>"; };
/* End PBXFileReference section */

/* Begin PBXFrameworksBuildPhase section */
		9B13D9CA22968F4E000F36FC /* Frameworks */ = {
			isa = PBXFrameworksBuildPhase;
			buildActionMask = 2147483647;
			files = (
			);
			runOnlyForDeploymentPostprocessing = 0;
		};
		9B13D9E222968F50000F36FC /* Frameworks */ = {
			isa = PBXFrameworksBuildPhase;
			buildActionMask = 2147483647;
			files = (
			);
			runOnlyForDeploymentPostprocessing = 0;
		};
		9B13D9ED22968F50000F36FC /* Frameworks */ = {
			isa = PBXFrameworksBuildPhase;
			buildActionMask = 2147483647;
			files = (
			);
			runOnlyForDeploymentPostprocessing = 0;
		};
/* End PBXFrameworksBuildPhase section */

/* Begin PBXGroup section */
		9B13D9C422968F4E000F36FC = {
			isa = PBXGroup;
			children = (
				9B13D9CF22968F4E000F36FC /* FunCollection */,
				9B13D9E822968F50000F36FC /* FunCollectionTests */,
				9B13D9F322968F50000F36FC /* FunCollectionUITests */,
				9B13D9CE22968F4E000F36FC /* Products */,
			);
			sourceTree = "<group>";
		};
		9B13D9CE22968F4E000F36FC /* Products */ = {
			isa = PBXGroup;
			children = (
				9B13D9CD22968F4E000F36FC /* FunCollection.app */,
				9B13D9E522968F50000F36FC /* FunCollectionTests.xctest */,
				9B13D9F022968F50000F36FC /* FunCollectionUITests.xctest */,
			);
			name = Products;
			sourceTree = "<group>";
		};
		9B13D9CF22968F4E000F36FC /* FunCollection */ = {
			isa = PBXGroup;
			children = (
				9B13D9D022968F4E000F36FC /* AppDelegate.h */,
				9B13D9D122968F4E000F36FC /* AppDelegate.m */,
				9B13D9D322968F4E000F36FC /* ViewController.h */,
				9B13D9D422968F4E000F36FC /* ViewController.m */,
				9B13D9D622968F4E000F36FC /* Main.storyboard */,
				9B13D9D922968F50000F36FC /* Assets.xcassets */,
				9B13D9DB22968F50000F36FC /* LaunchScreen.storyboard */,
				9B13D9DE22968F50000F36FC /* Info.plist */,
				9B13D9DF22968F50000F36FC /* main.m */,
			);
			path = FunCollection;
			sourceTree = "<group>";
		};
		9B13D9E822968F50000F36FC /* FunCollectionTests */ = {
			isa = PBXGroup;
			children = (
				9B13D9E922968F50000F36FC /* FunCollectionTests.m */,
				9B13D9EB22968F50000F36FC /* Info.plist */,
			);
			path = FunCollectionTests;
			sourceTree = "<group>";
		};
		9B13D9F322968F50000F36FC /* FunCollectionUITests */ = {
			isa = PBXGroup;
			children = (
				9B13D9F422968F50000F36FC /* FunCollectionUITests.m */,
				9B13D9F622968F50000F36FC /* Info.plist */,
			);
			path = FunCollectionUITests;
			sourceTree = "<group>";
		};
/* End PBXGroup section */

/* Begin PBXNativeTarget section */
		9B13D9CC22968F4E000F36FC /* FunCollection */ = {
			isa = PBXNativeTarget;
			buildConfigurationList = 9B13D9F922968F50000F36FC /* Build configuration list for PBXNativeTarget "FunCollection" */;
			buildPhases = (
				9B13D9C922968F4E000F36FC /* Sources */,
				9B13D9CA22968F4E000F36FC /* Frameworks */,
				9B13D9CB22968F4E000F36FC /* Resources */,
			);
			buildRules = (
			);
			dependencies = (
			);
			name = FunCollection;
			productName = FunCollection;
			productReference = 9B13D9CD22968F4E000F36FC /* FunCollection.app */;
			productType = "com.apple.product-type.application";
		};
		9B13D9E422968F50000F36FC /* FunCollectionTests */ = {
			isa = PBXNativeTarget;
			buildConfigurationList = 9B13D9FC22968F50000F36FC /* Build configuration list for PBXNativeTarget "FunCollectionTests" */;
			buildPhases = (
				9B13D9E122968F50000F36FC /* Sources */,
				9B13D9E222968F50000F36FC /* Frameworks */,
				9B13D9E322968F50000F36FC /* Resources */,
			);
			buildRules = (
			);
			dependencies = (
				9B13D9E722968F50000F36FC /* PBXTargetDependency */,
			);
			name = FunCollectionTests;
			productName = FunCollectionTests;
			productReference = 9B13D9E522968F50000F36FC /* FunCollectionTests.xctest */;
			productType = "com.apple.product-type.bundle.unit-test";
		};
		9B13D9EF22968F50000F36FC /* FunCollectionUITests */ = {
			isa = PBXNativeTarget;
			buildConfigurationList = 9B13D9FF22968F50000F36FC /* Build configuration list for PBXNativeTarget "FunCollectionUITests" */;
			buildPhases = (
				9B13D9EC22968F50000F36FC /* Sources */,
				9B13D9ED22968F50000F36FC /* Frameworks */,
				9B13D9EE22968F50000F36FC /* Resources */,
			);
			buildRules = (
			);
			dependencies = (
				9B13D9F222968F50000F36FC /* PBXTargetDependency */,
			);
			name = FunCollectionUITests;
			productName = FunCollectionUITests;
			productReference = 9B13D9F022968F50000F36FC /* FunCollectionUITests.xctest */;
			productType = "com.apple.product-type.bundle.ui-testing";
		};
/* End PBXNativeTarget section */

/* Begin PBXProject section */
		9B13D9C522968F4E000F36FC /* Project object */ = {
			isa = PBXProject;
			attributes = {
				LastUpgradeCheck = 1020;
				ORGANIZATIONNAME = "Personal Inc.";
				TargetAttributes = {
					9B13D9CC22968F4E000F36FC = {
						CreatedOnToolsVersion = 10.2.1;
					};
					9B13D9E422968F50000F36FC = {
						CreatedOnToolsVersion = 10.2.1;
						TestTargetID = 9B13D9CC22968F4E000F36FC;
					};
					9B13D9EF22968F50000F36FC = {
						CreatedOnToolsVersion = 10.2.1;
						TestTargetID = 9B13D9CC22968F4E000F36FC;
					};
				};
			};
			buildConfigurationList = 9B13D9C822968F4E000F36FC /* Build configuration list for PBXProject "FunCollection" */;
			compatibilityVersion = "Xcode 9.3";
			developmentRegion = en;
			hasScannedForEncodings = 0;
			knownRegions = (
				en,
				Base,
			);
			mainGroup = 9B13D9C422968F4E000F36FC;
			productRefGroup = 9B13D9CE22968F4E000F36FC /* Products */;
			projectDirPath = "";
			projectRoot = "";
			targets = (
				9B13D9CC22968F4E000F36FC /* FunCollection */,
				9B13D9E422968F50000F36FC /* FunCollectionTests */,
				9B13D9EF22968F50000F36FC /* FunCollectionUITests */,
			);
		};
/* End PBXProject section */

/* Begin PBXResourcesBuildPhase section */
		9B13D9CB22968F4E000F36FC /* Resources */ = {
			isa = PBXResourcesBuildPhase;
			buildActionMask = 2147483647;
			files = (
				9B13D9DD22968F50000F36FC /* LaunchScreen.storyboard in Resources */,
				9B13D9DA22968F50000F36FC /* Assets.xcassets in Resources */,
				9B13D9D822968F4E000F36FC /* Main.storyboard in Resources */,
			);
			runOnlyForDeploymentPostprocessing = 0;
		};
		9B13D9E322968F50000F36FC /* Resources */ = {
			isa = PBXResourcesBuildPhase;
			buildActionMask = 2147483647;
			files = (
			);
			runOnlyForDeploymentPostprocessing = 0;
		};
		9B13D9EE22968F50000F36FC /* Resources */ = {
			isa = PBXResourcesBuildPhase;
			buildActionMask = 2147483647;
			files = (
			);
			runOnlyForDeploymentPostprocessing = 0;
		};
/* End PBXResourcesBuildPhase section */

/* Begin PBXSourcesBuildPhase section */
		9B13D9C922968F4E000F36FC /* Sources */ = {
			isa = PBXSourcesBuildPhase;
			buildActionMask = 2147483647;
			files = (
				9B13D9D522968F4E000F36FC /* ViewController.m in Sources */,
				9B13D9E022968F50000F36FC /* main.m in Sources */,
				9B13D9D222968F4E000F36FC /* AppDelegate.m in Sources */,
			);
			runOnlyForDeploymentPostprocessing = 0;
		};
		9B13D9E122968F50000F36FC /* Sources */ = {
			isa = PBXSourcesBuildPhase;
			buildActionMask = 2147483647;
			files = (
				9B13D9EA22968F50000F36FC /* FunCollectionTests.m in Sources */,
			);
			runOnlyForDeploymentPostprocessing = 0;
		};
		9B13D9EC22968F50000F36FC /* Sources */ = {
			isa = PBXSourcesBuildPhase;
			buildActionMask = 2147483647;
			files = (
				9B13D9F522968F50000F36FC /* FunCollectionUITests.m in Sources */,
			);
			runOnlyForDeploymentPostprocessing = 0;
		};
/* End PBXSourcesBuildPhase section */

/* Begin PBXTargetDependency section */
		9B13D9E722968F50000F36FC /* PBXTargetDependency */ = {
			isa = PBXTargetDependency;
			target = 9B13D9CC22968F4E000F36FC /* FunCollection */;
			targetProxy = 9B13D9E622968F50000F36FC /* PBXContainerItemProxy */;
		};
		9B13D9F222968F50000F36FC /* PBXTargetDependency */ = {
			isa = PBXTargetDependency;
			target = 9B13D9CC22968F4E000F36FC /* FunCollection */;
			targetProxy = 9B13D9F122968F50000F36FC /* PBXContainerItemProxy */;
		};
/* End PBXTargetDependency section */

/* Begin PBXVariantGroup section */
		9B13D9D622968F4E000F36FC /* Main.storyboard */ = {
			isa = PBXVariantGroup;
			children = (
				9B13D9D722968F4E000F36FC /* Base */,
			);
			name = Main.storyboard;
			sourceTree = "<group>";
		};
		9B13D9DB22968F50000F36FC /* LaunchScreen.storyboard */ = {
			isa = PBXVariantGroup;
			children = (
				9B13D9DC22968F50000F36FC /* Base */,
			);
			name = LaunchScreen.storyboard;
			sourceTree = "<group>";
		};
/* End PBXVariantGroup section */

/* Begin XCBuildConfiguration section */
		9B13D9F722968F50000F36FC /* Debug */ = {
			isa = XCBuildConfiguration;
			buildSettings = {
				ALWAYS_SEARCH_USER_PATHS = NO;
				CLANG_ANALYZER_NONNULL = YES;
				CLANG_ANALYZER_NUMBER_OBJECT_CONVERSION = YES_AGGRESSIVE;
				CLANG_CXX_LANGUAGE_STANDARD = "gnu++14";
				CLANG_CXX_LIBRARY = "libc++";
				CLANG_ENABLE_MODULES = YES;
				CLANG_ENABLE_OBJC_ARC = YES;
				CLANG_ENABLE_OBJC_WEAK = YES;
				CLANG_WARN_BLOCK_CAPTURE_AUTORELEASING = YES;
				CLANG_WARN_BOOL_CONVERSION = YES;
				CLANG_WARN_COMMA = YES;
				CLANG_WARN_CONSTANT_CONVERSION = YES;
				CLANG_WARN_DEPRECATED_OBJC_IMPLEMENTATIONS = YES;
				CLANG_WARN_DIRECT_OBJC_ISA_USAGE = YES_ERROR;
				CLANG_WARN_DOCUMENTATION_COMMENTS = YES;
				CLANG_WARN_EMPTY_BODY = YES;
				CLANG_WARN_ENUM_CONVERSION = YES;
				CLANG_WARN_INFINITE_RECURSION = YES;
				CLANG_WARN_INT_CONVERSION = YES;
				CLANG_WARN_NON_LITERAL_NULL_CONVERSION = YES;
				CLANG_WARN_OBJC_IMPLICIT_RETAIN_SELF = YES;
				CLANG_WARN_OBJC_LITERAL_CONVERSION = YES;
				CLANG_WARN_OBJC_ROOT_CLASS = YES_ERROR;
				CLANG_WARN_RANGE_LOOP_ANALYSIS = YES;
				CLANG_WARN_STRICT_PROTOTYPES = YES;
				CLANG_WARN_SUSPICIOUS_MOVE = YES;
				CLANG_WARN_UNGUARDED_AVAILABILITY = YES_AGGRESSIVE;
				CLANG_WARN_UNREACHABLE_CODE = YES;
				CLANG_WARN__DUPLICATE_METHOD_MATCH = YES;
				CODE_SIGN_IDENTITY = "iPhone Developer";
				COPY_PHASE_STRIP = NO;
				DEBUG_INFORMATION_FORMAT = dwarf;
				ENABLE_STRICT_OBJC_MSGSEND = YES;
				ENABLE_TESTABILITY = YES;
				GCC_C_LANGUAGE_STANDARD = gnu11;
				GCC_DYNAMIC_NO_PIC = NO;
				GCC_NO_COMMON_BLOCKS = YES;
				GCC_OPTIMIZATION_LEVEL = 0;
				GCC_PREPROCESSOR_DEFINITIONS = (
					"DEBUG=1",
					"$(inherited)",
				);
				GCC_WARN_64_TO_32_BIT_CONVERSION = YES;
				GCC_WARN_ABOUT_RETURN_TYPE = YES_ERROR;
				GCC_WARN_UNDECLARED_SELECTOR = YES;
				GCC_WARN_UNINITIALIZED_AUTOS = YES_AGGRESSIVE;
				GCC_WARN_UNUSED_FUNCTION = YES;
				GCC_WARN_UNUSED_VARIABLE = YES;
				IPHONEOS_DEPLOYMENT_TARGET = 12.2;
				MTL_ENABLE_DEBUG_INFO = INCLUDE_SOURCE;
				MTL_FAST_MATH = YES;
				ONLY_ACTIVE_ARCH = YES;
				SDKROOT = iphoneos;
			};
			name = Debug;
		};
		9B13D9F822968F50000F36FC /* Release */ = {
			isa = XCBuildConfiguration;
			buildSettings = {
				ALWAYS_SEARCH_USER_PATHS = NO;
				CLANG_ANALYZER_NONNULL = YES;
				CLANG_ANALYZER_NUMBER_OBJECT_CONVERSION = YES_AGGRESSIVE;
				CLANG_CXX_LANGUAGE_STANDARD = "gnu++14";
				CLANG_CXX_LIBRARY = "libc++";
				CLANG_ENABLE_MODULES = YES;
				CLANG_ENABLE_OBJC_ARC = YES;
				CLANG_ENABLE_OBJC_WEAK = YES;
				CLANG_WARN_BLOCK_CAPTURE_AUTORELEASING = YES;
				CLANG_WARN_BOOL_CONVERSION = YES;
				CLANG_WARN_COMMA = YES;
				CLANG_WARN_CONSTANT_CONVERSION = YES;
				CLANG_WARN_DEPRECATED_OBJC_IMPLEMENTATIONS = YES;
				CLANG_WARN_DIRECT_OBJC_ISA_USAGE = YES_ERROR;
				CLANG_WARN_DOCUMENTATION_COMMENTS = YES;
				CLANG_WARN_EMPTY_BODY = YES;
				CLANG_WARN_ENUM_CONVERSION = YES;
				CLANG_WARN_INFINITE_RECURSION = YES;
				CLANG_WARN_INT_CONVERSION = YES;
				CLANG_WARN_NON_LITERAL_NULL_CONVERSION = YES;
				CLANG_WARN_OBJC_IMPLICIT_RETAIN_SELF = YES;
				CLANG_WARN_OBJC_LITERAL_CONVERSION = YES;
				CLANG_WARN_OBJC_ROOT_CLASS = YES_ERROR;
				CLANG_WARN_RANGE_LOOP_ANALYSIS = YES;
				CLANG_WARN_STRICT_PROTOTYPES = YES;
				CLANG_WARN_SUSPICIOUS_MOVE = YES;
				CLANG_WARN_UNGUARDED_AVAILABILITY = YES_AGGRESSIVE;
				CLANG_WARN_UNREACHABLE_CODE = YES;
				CLANG_WARN__DUPLICATE_METHOD_MATCH = YES;
				CODE_SIGN_IDENTITY = "iPhone Developer";
				COPY_PHASE_STRIP = NO;
				DEBUG_INFORMATION_FORMAT = "dwarf-with-dsym";
				ENABLE_NS_ASSERTIONS = NO;
				ENABLE_STRICT_OBJC_MSGSEND = YES;
				GCC_C_LANGUAGE_STANDARD = gnu11;
				GCC_NO_COMMON_BLOCKS = YES;
				GCC_WARN_64_TO_32_BIT_CONVERSION = YES;
				GCC_WARN_ABOUT_RETURN_TYPE = YES_ERROR;
				GCC_WARN_UNDECLARED_SELECTOR = YES;
				GCC_WARN_UNINITIALIZED_AUTOS = YES_AGGRESSIVE;
				GCC_WARN_UNUSED_FUNCTION = YES;
				GCC_WARN_UNUSED_VARIABLE = YES;
				IPHONEOS_DEPLOYMENT_TARGET = 12.2;
				MTL_ENABLE_DEBUG_INFO = NO;
				MTL_FAST_MATH = YES;
				SDKROOT = iphoneos;
				VALIDATE_PRODUCT = YES;
			};
			name = Release;
		};
		9B13D9FA22968F50000F36FC /* Debug */ = {
			isa = XCBuildConfiguration;
			buildSettings = {
				ASSETCATALOG_COMPILER_APPICON_NAME = AppIcon;
				CODE_SIGN_STYLE = Automatic;
				INFOPLIST_FILE = FunCollection/Info.plist;
				LD_RUNPATH_SEARCH_PATHS = (
					"$(inherited)",
					"@executable_path/Frameworks",
				);
				PRODUCT_BUNDLE_IDENTIFIER = com.lee.FunCollection;
				PRODUCT_NAME = "$(TARGET_NAME)";
				TARGETED_DEVICE_FAMILY = "1,2";
			};
			name = Debug;
		};
		9B13D9FB22968F50000F36FC /* Release */ = {
			isa = XCBuildConfiguration;
			buildSettings = {
				ASSETCATALOG_COMPILER_APPICON_NAME = AppIcon;
				CODE_SIGN_STYLE = Automatic;
				INFOPLIST_FILE = FunCollection/Info.plist;
				LD_RUNPATH_SEARCH_PATHS = (
					"$(inherited)",
					"@executable_path/Frameworks",
				);
				PRODUCT_BUNDLE_IDENTIFIER = com.lee.FunCollection;
				PRODUCT_NAME = "$(TARGET_NAME)";
				TARGETED_DEVICE_FAMILY = "1,2";
			};
			name = Release;
		};
		9B13D9FD22968F50000F36FC /* Debug */ = {
			isa = XCBuildConfiguration;
			buildSettings = {
				BUNDLE_LOADER = "$(TEST_HOST)";
				CODE_SIGN_STYLE = Automatic;
				INFOPLIST_FILE = FunCollectionTests/Info.plist;
				LD_RUNPATH_SEARCH_PATHS = (
					"$(inherited)",
					"@executable_path/Frameworks",
					"@loader_path/Frameworks",
				);
				PRODUCT_BUNDLE_IDENTIFIER = com.lee.FunCollectionTests;
				PRODUCT_NAME = "$(TARGET_NAME)";
				TARGETED_DEVICE_FAMILY = "1,2";
				TEST_HOST = "$(BUILT_PRODUCTS_DIR)/FunCollection.app/FunCollection";
			};
			name = Debug;
		};
		9B13D9FE22968F50000F36FC /* Release */ = {
			isa = XCBuildConfiguration;
			buildSettings = {
				BUNDLE_LOADER = "$(TEST_HOST)";
				CODE_SIGN_STYLE = Automatic;
				INFOPLIST_FILE = FunCollectionTests/Info.plist;
				LD_RUNPATH_SEARCH_PATHS = (
					"$(inherited)",
					"@executable_path/Frameworks",
					"@loader_path/Frameworks",
				);
				PRODUCT_BUNDLE_IDENTIFIER = com.lee.FunCollectionTests;
				PRODUCT_NAME = "$(TARGET_NAME)";
				TARGETED_DEVICE_FAMILY = "1,2";
				TEST_HOST = "$(BUILT_PRODUCTS_DIR)/FunCollection.app/FunCollection";
			};
			name = Release;
		};
		9B13DA0022968F50000F36FC /* Debug */ = {
			isa = XCBuildConfiguration;
			buildSettings = {
				CODE_SIGN_STYLE = Automatic;
				INFOPLIST_FILE = FunCollectionUITests/Info.plist;
				LD_RUNPATH_SEARCH_PATHS = (
					"$(inherited)",
					"@executable_path/Frameworks",
					"@loader_path/Frameworks",
				);
				PRODUCT_BUNDLE_IDENTIFIER = com.lee.FunCollectionUITests;
				PRODUCT_NAME = "$(TARGET_NAME)";
				TARGETED_DEVICE_FAMILY = "1,2";
				TEST_TARGET_NAME = FunCollection;
			};
			name = Debug;
		};
		9B13DA0122968F50000F36FC /* Release */ = {
			isa = XCBuildConfiguration;
			buildSettings = {
				CODE_SIGN_STYLE = Automatic;
				INFOPLIST_FILE = FunCollectionUITests/Info.plist;
				LD_RUNPATH_SEARCH_PATHS = (
					"$(inherited)",
					"@executable_path/Frameworks",
					"@loader_path/Frameworks",
				);
				PRODUCT_BUNDLE_IDENTIFIER = com.lee.FunCollectionUITests;
				PRODUCT_NAME = "$(TARGET_NAME)";
				TARGETED_DEVICE_FAMILY = "1,2";
				TEST_TARGET_NAME = FunCollection;
			};
			name = Release;
		};
/* End XCBuildConfiguration section */

/* Begin XCConfigurationList section */
		9B13D9C822968F4E000F36FC /* Build configuration list for PBXProject "FunCollection" */ = {
			isa = XCConfigurationList;
			buildConfigurations = (
				9B13D9F722968F50000F36FC /* Debug */,
				9B13D9F822968F50000F36FC /* Release */,
			);
			defaultConfigurationIsVisible = 0;
			defaultConfigurationName = Release;
		};
		9B13D9F922968F50000F36FC /* Build configuration list for PBXNativeTarget "FunCollection" */ = {
			isa = XCConfigurationList;
			buildConfigurations = (
				9B13D9FA22968F50000F36FC /* Debug */,
				9B13D9FB22968F50000F36FC /* Release */,
			);
			defaultConfigurationIsVisible = 0;
			defaultConfigurationName = Release;
		};
		9B13D9FC22968F50000F36FC /* Build configuration list for PBXNativeTarget "FunCollectionTests" */ = {
			isa = XCConfigurationList;
			buildConfigurations = (
				9B13D9FD22968F50000F36FC /* Debug */,
				9B13D9FE22968F50000F36FC /* Release */,
			);
			defaultConfigurationIsVisible = 0;
			defaultConfigurationName = Release;
		};
		9B13D9FF22968F50000F36FC /* Build configuration list for PBXNativeTarget "FunCollectionUITests" */ = {
			isa = XCConfigurationList;
			buildConfigurations = (
				9B13DA0022968F50000F36FC /* Debug */,
				9B13DA0122968F50000F36FC /* Release */,
			);
			defaultConfigurationIsVisible = 0;
			defaultConfigurationName = Release;
		};
/* End XCConfigurationList section */
	};
	rootObject = 9B13D9C522968F4E000F36FC /* Project object */;
}
